// !$*UTF8*$!
{
	archiveVersion = 1;
	classes = {
	};
	objectVersion = 50;
	objects = {

/* Begin PBXBuildFile section */
		49051E4E2567EBFA00FEB06D /* SEActiveCell.swift in Sources */ = {isa = PBXBuildFile; fileRef = 49051E4D2567EBFA00FEB06D /* SEActiveCell.swift */; };
		49051E542567EDB000FEB06D /* SECentroidSampleCell.swift in Sources */ = {isa = PBXBuildFile; fileRef = 49051E532567EDB000FEB06D /* SECentroidSampleCell.swift */; };
		49051E5A2567EF5300FEB06D /* SESetting.swift in Sources */ = {isa = PBXBuildFile; fileRef = 49051E592567EF5300FEB06D /* SESetting.swift */; };
		49355A582562F45000EA478F /* PhotoMKAnnotationView.swift in Sources */ = {isa = PBXBuildFile; fileRef = 49355A572562F45000EA478F /* PhotoMKAnnotationView.swift */; };
		49355A5B2563010400EA478F /* PhotoMapInfoView.xib in Resources */ = {isa = PBXBuildFile; fileRef = 49355A5A2563010400EA478F /* PhotoMapInfoView.xib */; };
		49355A5F256302CD00EA478F /* extensions.swift in Sources */ = {isa = PBXBuildFile; fileRef = 49355A5E256302CD00EA478F /* extensions.swift */; };
		495415312563340C0072510A /* PhotoMapInfoView.swift in Sources */ = {isa = PBXBuildFile; fileRef = 495415302563340C0072510A /* PhotoMapInfoView.swift */; };
		49556BB42562D03F00E4218A /* PhotoMKAnnotation.swift in Sources */ = {isa = PBXBuildFile; fileRef = 49556BB32562D03F00E4218A /* PhotoMKAnnotation.swift */; };
		496B73A12564C6F5009723BE /* AzimuthMKAnnotation.swift in Sources */ = {isa = PBXBuildFile; fileRef = 496B73A02564C6F5009723BE /* AzimuthMKAnnotation.swift */; };
		496B73A42564C7D5009723BE /* AzimuthMKAnnotationView.swift in Sources */ = {isa = PBXBuildFile; fileRef = 496B73A32564C7D5009723BE /* AzimuthMKAnnotationView.swift */; };
		499B6BB8256B129B0078AEE6 /* CHPoint.swift in Sources */ = {isa = PBXBuildFile; fileRef = 499B6BB7256B129B0078AEE6 /* CHPoint.swift */; };
		499B6BBC256B13A90078AEE6 /* CHQuickHull.swift in Sources */ = {isa = PBXBuildFile; fileRef = 499B6BBB256B13A90078AEE6 /* CHQuickHull.swift */; };
		499B6C18256B57480078AEE6 /* CHCluster.swift in Sources */ = {isa = PBXBuildFile; fileRef = 499B6C17256B57480078AEE6 /* CHCluster.swift */; };
		49AAE57B257045CF00A37C1B /* PathTrackTableViewController.swift in Sources */ = {isa = PBXBuildFile; fileRef = 49AAE57A257045CF00A37C1B /* PathTrackTableViewController.swift */; };
		49AAE5802571782E00A37C1B /* PTPointInfoView.xib in Resources */ = {isa = PBXBuildFile; fileRef = 49AAE57F2571782E00A37C1B /* PTPointInfoView.xib */; };
		49AAE58625717C0500A37C1B /* PTPath+CoreDataClass.swift in Sources */ = {isa = PBXBuildFile; fileRef = 49AAE58225717C0500A37C1B /* PTPath+CoreDataClass.swift */; };
		49AAE58825717C0500A37C1B /* PTPoint+CoreDataClass.swift in Sources */ = {isa = PBXBuildFile; fileRef = 49AAE58425717C0500A37C1B /* PTPoint+CoreDataClass.swift */; };
		49AAE59525755F8F00A37C1B /* PTManager.swift in Sources */ = {isa = PBXBuildFile; fileRef = 49AAE59425755F8F00A37C1B /* PTManager.swift */; };
		49AAE5982575645400A37C1B /* PTDrawer.swift in Sources */ = {isa = PBXBuildFile; fileRef = 49AAE5972575645400A37C1B /* PTDrawer.swift */; };
		49AAE59B257566D200A37C1B /* PTMKAnnotation.swift in Sources */ = {isa = PBXBuildFile; fileRef = 49AAE59A257566D200A37C1B /* PTMKAnnotation.swift */; };
		49AAE59E257567FB00A37C1B /* PTPointInfoView.swift in Sources */ = {isa = PBXBuildFile; fileRef = 49AAE59D257567FB00A37C1B /* PTPointInfoView.swift */; };
		49AAE5A12575699800A37C1B /* PTMKAnnotationView.swift in Sources */ = {isa = PBXBuildFile; fileRef = 49AAE5A02575699800A37C1B /* PTMKAnnotationView.swift */; };
		49AAE5B12578B1F600A37C1B /* PathTrackTableViewCell.swift in Sources */ = {isa = PBXBuildFile; fileRef = 49AAE5B02578B1F600A37C1B /* PathTrackTableViewCell.swift */; };
		49B32BB22569AC6F009240EE /* SEStorage.swift in Sources */ = {isa = PBXBuildFile; fileRef = 49B32BB12569AC6F009240EE /* SEStorage.swift */; };
		49B32BB52569ADE9009240EE /* PersistStorage.swift in Sources */ = {isa = PBXBuildFile; fileRef = 49B32BB42569ADE9009240EE /* PersistStorage.swift */; };
		49B32BBE2569E62B009240EE /* UserStorage.swift in Sources */ = {isa = PBXBuildFile; fileRef = 49B32BBD2569E62B009240EE /* UserStorage.swift */; };
		49B9EEA92567DBA600D21C82 /* SettingViewController.swift in Sources */ = {isa = PBXBuildFile; fileRef = 49B9EEA82567DBA600D21C82 /* SettingViewController.swift */; };
		49CA64D52561A33B00817406 /* PersistPhoto+CoreDataClass.swift in Sources */ = {isa = PBXBuildFile; fileRef = 49CA64D32561A33B00817406 /* PersistPhoto+CoreDataClass.swift */; };
		49CA64DA2561A3B100817406 /* DB.swift in Sources */ = {isa = PBXBuildFile; fileRef = 49CA64D92561A3B100817406 /* DB.swift */; };
		49F003A12565865400795C7C /* Weak.swift in Sources */ = {isa = PBXBuildFile; fileRef = 49F003A02565865400795C7C /* Weak.swift */; };
		611FE5812553FC0700063891 /* PhotoDetailViewController.swift in Sources */ = {isa = PBXBuildFile; fileRef = 611FE5802553FC0700063891 /* PhotoDetailViewController.swift */; };
		613A5E58255537DE007D82E5 /* PhotoModel.xcdatamodeld in Sources */ = {isa = PBXBuildFile; fileRef = 613A5E56255537DE007D82E5 /* PhotoModel.xcdatamodeld */; };
		61B3EC622552DF7500AB8AA6 /* PhotosTableViewController.swift in Sources */ = {isa = PBXBuildFile; fileRef = 61B3EC612552DF7500AB8AA6 /* PhotosTableViewController.swift */; };
		61B3EC672552E66000AB8AA6 /* PhotoTableViewCell.swift in Sources */ = {isa = PBXBuildFile; fileRef = 61B3EC662552E66000AB8AA6 /* PhotoTableViewCell.swift */; };
		61C3AC9E2551461F000CED80 /* AppDelegate.swift in Sources */ = {isa = PBXBuildFile; fileRef = 61C3AC9D2551461F000CED80 /* AppDelegate.swift */; };
		61C3ACA02551461F000CED80 /* SceneDelegate.swift in Sources */ = {isa = PBXBuildFile; fileRef = 61C3AC9F2551461F000CED80 /* SceneDelegate.swift */; };
		61C3ACA22551461F000CED80 /* MainViewController.swift in Sources */ = {isa = PBXBuildFile; fileRef = 61C3ACA12551461F000CED80 /* MainViewController.swift */; };
		61C3ACA52551461F000CED80 /* Main.storyboard in Resources */ = {isa = PBXBuildFile; fileRef = 61C3ACA32551461F000CED80 /* Main.storyboard */; };
		61C3ACA72551461F000CED80 /* Assets.xcassets in Resources */ = {isa = PBXBuildFile; fileRef = 61C3ACA62551461F000CED80 /* Assets.xcassets */; };
		61C3ACAA2551461F000CED80 /* LaunchScreen.storyboard in Resources */ = {isa = PBXBuildFile; fileRef = 61C3ACA82551461F000CED80 /* LaunchScreen.storyboard */; };
		61C3ACB325514F31000CED80 /* LoginViewController.swift in Sources */ = {isa = PBXBuildFile; fileRef = 61C3ACB225514F31000CED80 /* LoginViewController.swift */; };
		61C4DA9C2552D784003540DE /* MapViewController.swift in Sources */ = {isa = PBXBuildFile; fileRef = 61C4DA9B2552D784003540DE /* MapViewController.swift */; };
		61CB59C625595CDD00AB9B97 /* CameraViewController.swift in Sources */ = {isa = PBXBuildFile; fileRef = 61CB59C525595CDD00AB9B97 /* CameraViewController.swift */; };
		61CFFC18255EE0790009554D /* PhotoDataController.swift in Sources */ = {isa = PBXBuildFile; fileRef = 61CFFC17255EE0790009554D /* PhotoDataController.swift */; };
		61CFFC1C255EE0E10009554D /* Util.swift in Sources */ = {isa = PBXBuildFile; fileRef = 61CFFC1B255EE0E10009554D /* Util.swift */; };
		61DDD8992591EA470080019F /* AboutViewController.swift in Sources */ = {isa = PBXBuildFile; fileRef = 61DDD8982591EA470080019F /* AboutViewController.swift */; };
/* End PBXBuildFile section */

/* Begin PBXFileReference section */
		49051E4D2567EBFA00FEB06D /* SEActiveCell.swift */ = {isa = PBXFileReference; lastKnownFileType = sourcecode.swift; path = SEActiveCell.swift; sourceTree = "<group>"; };
		49051E532567EDB000FEB06D /* SECentroidSampleCell.swift */ = {isa = PBXFileReference; lastKnownFileType = sourcecode.swift; path = SECentroidSampleCell.swift; sourceTree = "<group>"; };
		49051E592567EF5300FEB06D /* SESetting.swift */ = {isa = PBXFileReference; lastKnownFileType = sourcecode.swift; path = SESetting.swift; sourceTree = "<group>"; };
		49355A572562F45000EA478F /* PhotoMKAnnotationView.swift */ = {isa = PBXFileReference; lastKnownFileType = sourcecode.swift; path = PhotoMKAnnotationView.swift; sourceTree = "<group>"; };
		49355A5A2563010400EA478F /* PhotoMapInfoView.xib */ = {isa = PBXFileReference; lastKnownFileType = file.xib; path = PhotoMapInfoView.xib; sourceTree = "<group>"; };
		49355A5E256302CD00EA478F /* extensions.swift */ = {isa = PBXFileReference; lastKnownFileType = sourcecode.swift; path = extensions.swift; sourceTree = "<group>"; };
		4940402A257A1872004A57F3 /* static1.gpx */ = {isa = PBXFileReference; lastKnownFileType = text; path = static1.gpx; sourceTree = "<group>"; };
		495415302563340C0072510A /* PhotoMapInfoView.swift */ = {isa = PBXFileReference; lastKnownFileType = sourcecode.swift; path = PhotoMapInfoView.swift; sourceTree = "<group>"; };
		49556BB32562D03F00E4218A /* PhotoMKAnnotation.swift */ = {isa = PBXFileReference; lastKnownFileType = sourcecode.swift; path = PhotoMKAnnotation.swift; sourceTree = "<group>"; };
		496B73A02564C6F5009723BE /* AzimuthMKAnnotation.swift */ = {isa = PBXFileReference; lastKnownFileType = sourcecode.swift; path = AzimuthMKAnnotation.swift; sourceTree = "<group>"; };
		496B73A32564C7D5009723BE /* AzimuthMKAnnotationView.swift */ = {isa = PBXFileReference; lastKnownFileType = sourcecode.swift; path = AzimuthMKAnnotationView.swift; sourceTree = "<group>"; };
		499B6BB7256B129B0078AEE6 /* CHPoint.swift */ = {isa = PBXFileReference; lastKnownFileType = sourcecode.swift; path = CHPoint.swift; sourceTree = "<group>"; };
		499B6BBB256B13A90078AEE6 /* CHQuickHull.swift */ = {isa = PBXFileReference; lastKnownFileType = sourcecode.swift; path = CHQuickHull.swift; sourceTree = "<group>"; };
		499B6C17256B57480078AEE6 /* CHCluster.swift */ = {isa = PBXFileReference; lastKnownFileType = sourcecode.swift; path = CHCluster.swift; sourceTree = "<group>"; };
		49AAE57A257045CF00A37C1B /* PathTrackTableViewController.swift */ = {isa = PBXFileReference; lastKnownFileType = sourcecode.swift; path = PathTrackTableViewController.swift; sourceTree = "<group>"; };
		49AAE57F2571782E00A37C1B /* PTPointInfoView.xib */ = {isa = PBXFileReference; lastKnownFileType = file.xib; path = PTPointInfoView.xib; sourceTree = "<group>"; };
		49AAE58225717C0500A37C1B /* PTPath+CoreDataClass.swift */ = {isa = PBXFileReference; lastKnownFileType = sourcecode.swift; path = "PTPath+CoreDataClass.swift"; sourceTree = "<group>"; };
		49AAE58425717C0500A37C1B /* PTPoint+CoreDataClass.swift */ = {isa = PBXFileReference; lastKnownFileType = sourcecode.swift; path = "PTPoint+CoreDataClass.swift"; sourceTree = "<group>"; };
		49AAE5912571D05600A37C1B /* area1.gpx */ = {isa = PBXFileReference; lastKnownFileType = text; path = area1.gpx; sourceTree = "<group>"; };
		49AAE59425755F8F00A37C1B /* PTManager.swift */ = {isa = PBXFileReference; lastKnownFileType = sourcecode.swift; path = PTManager.swift; sourceTree = "<group>"; };
		49AAE5972575645400A37C1B /* PTDrawer.swift */ = {isa = PBXFileReference; lastKnownFileType = sourcecode.swift; path = PTDrawer.swift; sourceTree = "<group>"; };
		49AAE59A257566D200A37C1B /* PTMKAnnotation.swift */ = {isa = PBXFileReference; lastKnownFileType = sourcecode.swift; path = PTMKAnnotation.swift; sourceTree = "<group>"; };
		49AAE59D257567FB00A37C1B /* PTPointInfoView.swift */ = {isa = PBXFileReference; lastKnownFileType = sourcecode.swift; path = PTPointInfoView.swift; sourceTree = "<group>"; };
		49AAE5A02575699800A37C1B /* PTMKAnnotationView.swift */ = {isa = PBXFileReference; lastKnownFileType = sourcecode.swift; path = PTMKAnnotationView.swift; sourceTree = "<group>"; };
		49AAE5B02578B1F600A37C1B /* PathTrackTableViewCell.swift */ = {isa = PBXFileReference; lastKnownFileType = sourcecode.swift; path = PathTrackTableViewCell.swift; sourceTree = "<group>"; };
		49B32BB12569AC6F009240EE /* SEStorage.swift */ = {isa = PBXFileReference; lastKnownFileType = sourcecode.swift; path = SEStorage.swift; sourceTree = "<group>"; };
		49B32BB42569ADE9009240EE /* PersistStorage.swift */ = {isa = PBXFileReference; lastKnownFileType = sourcecode.swift; path = PersistStorage.swift; sourceTree = "<group>"; };
		49B32BBD2569E62B009240EE /* UserStorage.swift */ = {isa = PBXFileReference; lastKnownFileType = sourcecode.swift; path = UserStorage.swift; sourceTree = "<group>"; };
		49B9EEA82567DBA600D21C82 /* SettingViewController.swift */ = {isa = PBXFileReference; lastKnownFileType = sourcecode.swift; path = SettingViewController.swift; sourceTree = "<group>"; };
		49CA64D32561A33B00817406 /* PersistPhoto+CoreDataClass.swift */ = {isa = PBXFileReference; lastKnownFileType = sourcecode.swift; path = "PersistPhoto+CoreDataClass.swift"; sourceTree = "<group>"; };
		49CA64D92561A3B100817406 /* DB.swift */ = {isa = PBXFileReference; lastKnownFileType = sourcecode.swift; path = DB.swift; sourceTree = "<group>"; };
		49F003A02565865400795C7C /* Weak.swift */ = {isa = PBXFileReference; lastKnownFileType = sourcecode.swift; path = Weak.swift; sourceTree = "<group>"; };
		611FE5802553FC0700063891 /* PhotoDetailViewController.swift */ = {isa = PBXFileReference; lastKnownFileType = sourcecode.swift; path = PhotoDetailViewController.swift; sourceTree = "<group>"; };
		613A5E57255537DE007D82E5 /* PhotoModel.xcdatamodel */ = {isa = PBXFileReference; lastKnownFileType = wrapper.xcdatamodel; path = PhotoModel.xcdatamodel; sourceTree = "<group>"; };
		61B3EC612552DF7500AB8AA6 /* PhotosTableViewController.swift */ = {isa = PBXFileReference; lastKnownFileType = sourcecode.swift; path = PhotosTableViewController.swift; sourceTree = "<group>"; };
		61B3EC662552E66000AB8AA6 /* PhotoTableViewCell.swift */ = {isa = PBXFileReference; lastKnownFileType = sourcecode.swift; path = PhotoTableViewCell.swift; sourceTree = "<group>"; };
		61C3AC9A2551461F000CED80 /* GTPhotos.app */ = {isa = PBXFileReference; explicitFileType = wrapper.application; includeInIndex = 0; path = GTPhotos.app; sourceTree = BUILT_PRODUCTS_DIR; };
		61C3AC9D2551461F000CED80 /* AppDelegate.swift */ = {isa = PBXFileReference; lastKnownFileType = sourcecode.swift; path = AppDelegate.swift; sourceTree = "<group>"; };
		61C3AC9F2551461F000CED80 /* SceneDelegate.swift */ = {isa = PBXFileReference; lastKnownFileType = sourcecode.swift; path = SceneDelegate.swift; sourceTree = "<group>"; };
		61C3ACA12551461F000CED80 /* MainViewController.swift */ = {isa = PBXFileReference; lastKnownFileType = sourcecode.swift; path = MainViewController.swift; sourceTree = "<group>"; };
		61C3ACA42551461F000CED80 /* Base */ = {isa = PBXFileReference; lastKnownFileType = file.storyboard; name = Base; path = Base.lproj/Main.storyboard; sourceTree = "<group>"; };
		61C3ACA62551461F000CED80 /* Assets.xcassets */ = {isa = PBXFileReference; lastKnownFileType = folder.assetcatalog; path = Assets.xcassets; sourceTree = "<group>"; };
		61C3ACA92551461F000CED80 /* Base */ = {isa = PBXFileReference; lastKnownFileType = file.storyboard; name = Base; path = Base.lproj/LaunchScreen.storyboard; sourceTree = "<group>"; };
		61C3ACAB2551461F000CED80 /* Info.plist */ = {isa = PBXFileReference; lastKnownFileType = text.plist.xml; path = Info.plist; sourceTree = "<group>"; };
		61C3ACB225514F31000CED80 /* LoginViewController.swift */ = {isa = PBXFileReference; lastKnownFileType = sourcecode.swift; path = LoginViewController.swift; sourceTree = "<group>"; };
		61C4DA9B2552D784003540DE /* MapViewController.swift */ = {isa = PBXFileReference; lastKnownFileType = sourcecode.swift; path = MapViewController.swift; sourceTree = "<group>"; };
		61CB59C525595CDD00AB9B97 /* CameraViewController.swift */ = {isa = PBXFileReference; lastKnownFileType = sourcecode.swift; path = CameraViewController.swift; sourceTree = "<group>"; };
		61CFFC17255EE0790009554D /* PhotoDataController.swift */ = {isa = PBXFileReference; lastKnownFileType = sourcecode.swift; path = PhotoDataController.swift; sourceTree = "<group>"; };
		61CFFC1B255EE0E10009554D /* Util.swift */ = {isa = PBXFileReference; lastKnownFileType = sourcecode.swift; path = Util.swift; sourceTree = "<group>"; };
		61DDD8982591EA470080019F /* AboutViewController.swift */ = {isa = PBXFileReference; lastKnownFileType = sourcecode.swift; path = AboutViewController.swift; sourceTree = "<group>"; };
/* End PBXFileReference section */

/* Begin PBXFrameworksBuildPhase section */
		61C3AC972551461F000CED80 /* Frameworks */ = {
			isa = PBXFrameworksBuildPhase;
			buildActionMask = 2147483647;
			files = (
			);
			runOnlyForDeploymentPostprocessing = 0;
		};
/* End PBXFrameworksBuildPhase section */

/* Begin PBXGroup section */
		49051E4B2567EB3000FEB06D /* Setting */ = {
			isa = PBXGroup;
			children = (
				49B32BB12569AC6F009240EE /* SEStorage.swift */,
				49051E592567EF5300FEB06D /* SESetting.swift */,
				49051E4D2567EBFA00FEB06D /* SEActiveCell.swift */,
				49051E532567EDB000FEB06D /* SECentroidSampleCell.swift */,
			);
			path = Setting;
			sourceTree = "<group>";
		};
		49355A542562F36F00EA478F /* Map */ = {
			isa = PBXGroup;
			children = (
				49AAE58C25717C5000A37C1B /* Photos */,
				49AAE57E257177DC00A37C1B /* PathTracking */,
			);
			path = Map;
			sourceTree = "<group>";
		};
		499B6BB6256B12870078AEE6 /* ConvexHull */ = {
			isa = PBXGroup;
			children = (
				499B6BB7256B129B0078AEE6 /* CHPoint.swift */,
				499B6BBB256B13A90078AEE6 /* CHQuickHull.swift */,
				499B6C17256B57480078AEE6 /* CHCluster.swift */,
			);
			path = ConvexHull;
			sourceTree = "<group>";
		};
		49AAE57E257177DC00A37C1B /* PathTracking */ = {
			isa = PBXGroup;
			children = (
				49AAE5922571D06F00A37C1B /* Test */,
				49AAE58225717C0500A37C1B /* PTPath+CoreDataClass.swift */,
				49AAE58425717C0500A37C1B /* PTPoint+CoreDataClass.swift */,
				49AAE57F2571782E00A37C1B /* PTPointInfoView.xib */,
				49AAE59425755F8F00A37C1B /* PTManager.swift */,
				49AAE5972575645400A37C1B /* PTDrawer.swift */,
				49AAE59A257566D200A37C1B /* PTMKAnnotation.swift */,
				49AAE59D257567FB00A37C1B /* PTPointInfoView.swift */,
				49AAE5A02575699800A37C1B /* PTMKAnnotationView.swift */,
			);
			path = PathTracking;
			sourceTree = "<group>";
		};
		49AAE58C25717C5000A37C1B /* Photos */ = {
			isa = PBXGroup;
			children = (
				49556BB32562D03F00E4218A /* PhotoMKAnnotation.swift */,
				49355A572562F45000EA478F /* PhotoMKAnnotationView.swift */,
				495415302563340C0072510A /* PhotoMapInfoView.swift */,
				49355A5A2563010400EA478F /* PhotoMapInfoView.xib */,
				496B73A02564C6F5009723BE /* AzimuthMKAnnotation.swift */,
				496B73A32564C7D5009723BE /* AzimuthMKAnnotationView.swift */,
			);
			path = Photos;
			sourceTree = "<group>";
		};
		49AAE5922571D06F00A37C1B /* Test */ = {
			isa = PBXGroup;
			children = (
				4940402A257A1872004A57F3 /* static1.gpx */,
				49AAE5912571D05600A37C1B /* area1.gpx */,
			);
			path = Test;
			sourceTree = "<group>";
		};
		49CA64E02561A60800817406 /* DB */ = {
			isa = PBXGroup;
			children = (
				49CA64D92561A3B100817406 /* DB.swift */,
				49CA64D32561A33B00817406 /* PersistPhoto+CoreDataClass.swift */,
			);
			path = DB;
			sourceTree = "<group>";
		};
		61C3AC912551461F000CED80 = {
			isa = PBXGroup;
			children = (
				61C3AC9C2551461F000CED80 /* GTPhotos */,
				61C3AC9B2551461F000CED80 /* Products */,
			);
			sourceTree = "<group>";
		};
		61C3AC9B2551461F000CED80 /* Products */ = {
			isa = PBXGroup;
			children = (
				61C3AC9A2551461F000CED80 /* GTPhotos.app */,
			);
			name = Products;
			sourceTree = "<group>";
		};
		61C3AC9C2551461F000CED80 /* GTPhotos */ = {
			isa = PBXGroup;
			children = (
				61CFFC1A255EE0890009554D /* Model */,
				61C3AC9D2551461F000CED80 /* AppDelegate.swift */,
				61C3AC9F2551461F000CED80 /* SceneDelegate.swift */,
				61C3ACA12551461F000CED80 /* MainViewController.swift */,
				61C3ACB225514F31000CED80 /* LoginViewController.swift */,
				61B3EC612552DF7500AB8AA6 /* PhotosTableViewController.swift */,
				61B3EC662552E66000AB8AA6 /* PhotoTableViewCell.swift */,
				611FE5802553FC0700063891 /* PhotoDetailViewController.swift */,
				61CB59C525595CDD00AB9B97 /* CameraViewController.swift */,
				61C4DA9B2552D784003540DE /* MapViewController.swift */,
				49B9EEA82567DBA600D21C82 /* SettingViewController.swift */,
				61DDD8982591EA470080019F /* AboutViewController.swift */,
				49AAE57A257045CF00A37C1B /* PathTrackTableViewController.swift */,
				49AAE5B02578B1F600A37C1B /* PathTrackTableViewCell.swift */,
				49355A5E256302CD00EA478F /* extensions.swift */,
				61C3ACA32551461F000CED80 /* Main.storyboard */,
				61C3ACA62551461F000CED80 /* Assets.xcassets */,
				61C3ACA82551461F000CED80 /* LaunchScreen.storyboard */,
				61C3ACAB2551461F000CED80 /* Info.plist */,
				613A5E56255537DE007D82E5 /* PhotoModel.xcdatamodeld */,
			);
			path = GTPhotos;
			sourceTree = "<group>";
		};
		61CFFC1A255EE0890009554D /* Model */ = {
			isa = PBXGroup;
			children = (
				499B6BB6256B12870078AEE6 /* ConvexHull */,
				49051E4B2567EB3000FEB06D /* Setting */,
				49CA64E02561A60800817406 /* DB */,
				49355A542562F36F00EA478F /* Map */,
				49B32BB42569ADE9009240EE /* PersistStorage.swift */,
				61CFFC1B255EE0E10009554D /* Util.swift */,
				49F003A02565865400795C7C /* Weak.swift */,
				61CFFC17255EE0790009554D /* PhotoDataController.swift */,
				49B32BBD2569E62B009240EE /* UserStorage.swift */,
			);
			path = Model;
			sourceTree = "<group>";
		};
/* End PBXGroup section */

/* Begin PBXNativeTarget section */
		61C3AC992551461F000CED80 /* GTPhotos */ = {
			isa = PBXNativeTarget;
			buildConfigurationList = 61C3ACAE2551461F000CED80 /* Build configuration list for PBXNativeTarget "GTPhotos" */;
			buildPhases = (
				61C3AC962551461F000CED80 /* Sources */,
				61C3AC972551461F000CED80 /* Frameworks */,
				61C3AC982551461F000CED80 /* Resources */,
			);
			buildRules = (
			);
			dependencies = (
			);
			name = GTPhotos;
			productName = EGNSS4CAP;
			productReference = 61C3AC9A2551461F000CED80 /* GTPhotos.app */;
			productType = "com.apple.product-type.application";
		};
/* End PBXNativeTarget section */

/* Begin PBXProject section */
		61C3AC922551461F000CED80 /* Project object */ = {
			isa = PBXProject;
			attributes = {
				KnownAssetTags = (
					1,
					ded,
					stackView,
				);
				LastSwiftUpdateCheck = 1210;
				LastUpgradeCheck = 1210;
				TargetAttributes = {
					61C3AC992551461F000CED80 = {
						CreatedOnToolsVersion = 12.1;
					};
				};
			};
			buildConfigurationList = 61C3AC952551461F000CED80 /* Build configuration list for PBXProject "GTPhotos" */;
			compatibilityVersion = "Xcode 9.3";
			developmentRegion = en;
			hasScannedForEncodings = 0;
			knownRegions = (
				en,
				Base,
			);
			mainGroup = 61C3AC912551461F000CED80;
			productRefGroup = 61C3AC9B2551461F000CED80 /* Products */;
			projectDirPath = "";
			projectRoot = "";
			targets = (
				61C3AC992551461F000CED80 /* GTPhotos */,
			);
		};
/* End PBXProject section */

/* Begin PBXResourcesBuildPhase section */
		61C3AC982551461F000CED80 /* Resources */ = {
			isa = PBXResourcesBuildPhase;
			buildActionMask = 2147483647;
			files = (
				61C3ACAA2551461F000CED80 /* LaunchScreen.storyboard in Resources */,
				49355A5B2563010400EA478F /* PhotoMapInfoView.xib in Resources */,
				49AAE5802571782E00A37C1B /* PTPointInfoView.xib in Resources */,
				61C3ACA72551461F000CED80 /* Assets.xcassets in Resources */,
				61C3ACA52551461F000CED80 /* Main.storyboard in Resources */,
			);
			runOnlyForDeploymentPostprocessing = 0;
		};
/* End PBXResourcesBuildPhase section */

/* Begin PBXSourcesBuildPhase section */
		61C3AC962551461F000CED80 /* Sources */ = {
			isa = PBXSourcesBuildPhase;
			buildActionMask = 2147483647;
			files = (
				499B6BBC256B13A90078AEE6 /* CHQuickHull.swift in Sources */,
				49CA64D52561A33B00817406 /* PersistPhoto+CoreDataClass.swift in Sources */,
				49B9EEA92567DBA600D21C82 /* SettingViewController.swift in Sources */,
				49355A5F256302CD00EA478F /* extensions.swift in Sources */,
				61CFFC18255EE0790009554D /* PhotoDataController.swift in Sources */,
				499B6C18256B57480078AEE6 /* CHCluster.swift in Sources */,
				49AAE5982575645400A37C1B /* PTDrawer.swift in Sources */,
				49AAE58625717C0500A37C1B /* PTPath+CoreDataClass.swift in Sources */,
				49B32BBE2569E62B009240EE /* UserStorage.swift in Sources */,
				49AAE59E257567FB00A37C1B /* PTPointInfoView.swift in Sources */,
				49051E4E2567EBFA00FEB06D /* SEActiveCell.swift in Sources */,
				61B3EC672552E66000AB8AA6 /* PhotoTableViewCell.swift in Sources */,
				61CB59C625595CDD00AB9B97 /* CameraViewController.swift in Sources */,
				61C3ACB325514F31000CED80 /* LoginViewController.swift in Sources */,
				49B32BB52569ADE9009240EE /* PersistStorage.swift in Sources */,
				49AAE58825717C0500A37C1B /* PTPoint+CoreDataClass.swift in Sources */,
				499B6BB8256B129B0078AEE6 /* CHPoint.swift in Sources */,
				49AAE59B257566D200A37C1B /* PTMKAnnotation.swift in Sources */,
				61C3ACA22551461F000CED80 /* MainViewController.swift in Sources */,
				61C3AC9E2551461F000CED80 /* AppDelegate.swift in Sources */,
				61C4DA9C2552D784003540DE /* MapViewController.swift in Sources */,
				49AAE59525755F8F00A37C1B /* PTManager.swift in Sources */,
				61CFFC1C255EE0E10009554D /* Util.swift in Sources */,
				49AAE5A12575699800A37C1B /* PTMKAnnotationView.swift in Sources */,
				613A5E58255537DE007D82E5 /* PhotoModel.xcdatamodeld in Sources */,
				49B32BB22569AC6F009240EE /* SEStorage.swift in Sources */,
				611FE5812553FC0700063891 /* PhotoDetailViewController.swift in Sources */,
				495415312563340C0072510A /* PhotoMapInfoView.swift in Sources */,
				61C3ACA02551461F000CED80 /* SceneDelegate.swift in Sources */,
				496B73A12564C6F5009723BE /* AzimuthMKAnnotation.swift in Sources */,
				61B3EC622552DF7500AB8AA6 /* PhotosTableViewController.swift in Sources */,
				49F003A12565865400795C7C /* Weak.swift in Sources */,
				49AAE57B257045CF00A37C1B /* PathTrackTableViewController.swift in Sources */,
				496B73A42564C7D5009723BE /* AzimuthMKAnnotationView.swift in Sources */,
				61DDD8992591EA470080019F /* AboutViewController.swift in Sources */,
				49051E5A2567EF5300FEB06D /* SESetting.swift in Sources */,
				49051E542567EDB000FEB06D /* SECentroidSampleCell.swift in Sources */,
				49AAE5B12578B1F600A37C1B /* PathTrackTableViewCell.swift in Sources */,
				49CA64DA2561A3B100817406 /* DB.swift in Sources */,
				49355A582562F45000EA478F /* PhotoMKAnnotationView.swift in Sources */,
				49556BB42562D03F00E4218A /* PhotoMKAnnotation.swift in Sources */,
			);
			runOnlyForDeploymentPostprocessing = 0;
		};
/* End PBXSourcesBuildPhase section */

/* Begin PBXVariantGroup section */
		61C3ACA32551461F000CED80 /* Main.storyboard */ = {
			isa = PBXVariantGroup;
			children = (
				61C3ACA42551461F000CED80 /* Base */,
			);
			name = Main.storyboard;
			sourceTree = "<group>";
		};
		61C3ACA82551461F000CED80 /* LaunchScreen.storyboard */ = {
			isa = PBXVariantGroup;
			children = (
				61C3ACA92551461F000CED80 /* Base */,
			);
			name = LaunchScreen.storyboard;
			sourceTree = "<group>";
		};
/* End PBXVariantGroup section */

/* Begin XCBuildConfiguration section */
		61C3ACAC2551461F000CED80 /* Debug */ = {
			isa = XCBuildConfiguration;
			buildSettings = {
				ALWAYS_SEARCH_USER_PATHS = NO;
				CLANG_ANALYZER_NONNULL = YES;
				CLANG_ANALYZER_NUMBER_OBJECT_CONVERSION = YES_AGGRESSIVE;
				CLANG_CXX_LANGUAGE_STANDARD = "gnu++14";
				CLANG_CXX_LIBRARY = "libc++";
				CLANG_ENABLE_MODULES = YES;
				CLANG_ENABLE_OBJC_ARC = YES;
				CLANG_ENABLE_OBJC_WEAK = YES;
				CLANG_WARN_BLOCK_CAPTURE_AUTORELEASING = YES;
				CLANG_WARN_BOOL_CONVERSION = YES;
				CLANG_WARN_COMMA = YES;
				CLANG_WARN_CONSTANT_CONVERSION = YES;
				CLANG_WARN_DEPRECATED_OBJC_IMPLEMENTATIONS = YES;
				CLANG_WARN_DIRECT_OBJC_ISA_USAGE = YES_ERROR;
				CLANG_WARN_DOCUMENTATION_COMMENTS = YES;
				CLANG_WARN_EMPTY_BODY = YES;
				CLANG_WARN_ENUM_CONVERSION = YES;
				CLANG_WARN_INFINITE_RECURSION = YES;
				CLANG_WARN_INT_CONVERSION = YES;
				CLANG_WARN_NON_LITERAL_NULL_CONVERSION = YES;
				CLANG_WARN_OBJC_IMPLICIT_RETAIN_SELF = YES;
				CLANG_WARN_OBJC_LITERAL_CONVERSION = YES;
				CLANG_WARN_OBJC_ROOT_CLASS = YES_ERROR;
				CLANG_WARN_QUOTED_INCLUDE_IN_FRAMEWORK_HEADER = YES;
				CLANG_WARN_RANGE_LOOP_ANALYSIS = YES;
				CLANG_WARN_STRICT_PROTOTYPES = YES;
				CLANG_WARN_SUSPICIOUS_MOVE = YES;
				CLANG_WARN_UNGUARDED_AVAILABILITY = YES_AGGRESSIVE;
				CLANG_WARN_UNREACHABLE_CODE = YES;
				CLANG_WARN__DUPLICATE_METHOD_MATCH = YES;
				COPY_PHASE_STRIP = NO;
				DEBUG_INFORMATION_FORMAT = dwarf;
				ENABLE_STRICT_OBJC_MSGSEND = YES;
				ENABLE_TESTABILITY = YES;
				GCC_C_LANGUAGE_STANDARD = gnu11;
				GCC_DYNAMIC_NO_PIC = NO;
				GCC_NO_COMMON_BLOCKS = YES;
				GCC_OPTIMIZATION_LEVEL = 0;
				GCC_PREPROCESSOR_DEFINITIONS = (
					"DEBUG=1",
					"$(inherited)",
				);
				GCC_WARN_64_TO_32_BIT_CONVERSION = YES;
				GCC_WARN_ABOUT_RETURN_TYPE = YES_ERROR;
				GCC_WARN_UNDECLARED_SELECTOR = YES;
				GCC_WARN_UNINITIALIZED_AUTOS = YES_AGGRESSIVE;
				GCC_WARN_UNUSED_FUNCTION = YES;
				GCC_WARN_UNUSED_VARIABLE = YES;
				IPHONEOS_DEPLOYMENT_TARGET = 13.6;
				MTL_ENABLE_DEBUG_INFO = INCLUDE_SOURCE;
				MTL_FAST_MATH = YES;
				ONLY_ACTIVE_ARCH = YES;
				SDKROOT = iphoneos;
				SWIFT_ACTIVE_COMPILATION_CONDITIONS = DEBUG;
				SWIFT_OPTIMIZATION_LEVEL = "-Onone";
			};
			name = Debug;
		};
		61C3ACAD2551461F000CED80 /* Release */ = {
			isa = XCBuildConfiguration;
			buildSettings = {
				ALWAYS_SEARCH_USER_PATHS = NO;
				CLANG_ANALYZER_NONNULL = YES;
				CLANG_ANALYZER_NUMBER_OBJECT_CONVERSION = YES_AGGRESSIVE;
				CLANG_CXX_LANGUAGE_STANDARD = "gnu++14";
				CLANG_CXX_LIBRARY = "libc++";
				CLANG_ENABLE_MODULES = YES;
				CLANG_ENABLE_OBJC_ARC = YES;
				CLANG_ENABLE_OBJC_WEAK = YES;
				CLANG_WARN_BLOCK_CAPTURE_AUTORELEASING = YES;
				CLANG_WARN_BOOL_CONVERSION = YES;
				CLANG_WARN_COMMA = YES;
				CLANG_WARN_CONSTANT_CONVERSION = YES;
				CLANG_WARN_DEPRECATED_OBJC_IMPLEMENTATIONS = YES;
				CLANG_WARN_DIRECT_OBJC_ISA_USAGE = YES_ERROR;
				CLANG_WARN_DOCUMENTATION_COMMENTS = YES;
				CLANG_WARN_EMPTY_BODY = YES;
				CLANG_WARN_ENUM_CONVERSION = YES;
				CLANG_WARN_INFINITE_RECURSION = YES;
				CLANG_WARN_INT_CONVERSION = YES;
				CLANG_WARN_NON_LITERAL_NULL_CONVERSION = YES;
				CLANG_WARN_OBJC_IMPLICIT_RETAIN_SELF = YES;
				CLANG_WARN_OBJC_LITERAL_CONVERSION = YES;
				CLANG_WARN_OBJC_ROOT_CLASS = YES_ERROR;
				CLANG_WARN_QUOTED_INCLUDE_IN_FRAMEWORK_HEADER = YES;
				CLANG_WARN_RANGE_LOOP_ANALYSIS = YES;
				CLANG_WARN_STRICT_PROTOTYPES = YES;
				CLANG_WARN_SUSPICIOUS_MOVE = YES;
				CLANG_WARN_UNGUARDED_AVAILABILITY = YES_AGGRESSIVE;
				CLANG_WARN_UNREACHABLE_CODE = YES;
				CLANG_WARN__DUPLICATE_METHOD_MATCH = YES;
				COPY_PHASE_STRIP = NO;
				DEBUG_INFORMATION_FORMAT = "dwarf-with-dsym";
				ENABLE_NS_ASSERTIONS = NO;
				ENABLE_STRICT_OBJC_MSGSEND = YES;
				GCC_C_LANGUAGE_STANDARD = gnu11;
				GCC_NO_COMMON_BLOCKS = YES;
				GCC_WARN_64_TO_32_BIT_CONVERSION = YES;
				GCC_WARN_ABOUT_RETURN_TYPE = YES_ERROR;
				GCC_WARN_UNDECLARED_SELECTOR = YES;
				GCC_WARN_UNINITIALIZED_AUTOS = YES_AGGRESSIVE;
				GCC_WARN_UNUSED_FUNCTION = YES;
				GCC_WARN_UNUSED_VARIABLE = YES;
				IPHONEOS_DEPLOYMENT_TARGET = 13.6;
				MTL_ENABLE_DEBUG_INFO = NO;
				MTL_FAST_MATH = YES;
				SDKROOT = iphoneos;
				SWIFT_COMPILATION_MODE = wholemodule;
				SWIFT_OPTIMIZATION_LEVEL = "-O";
				VALIDATE_PRODUCT = YES;
			};
			name = Release;
		};
		61C3ACAF2551461F000CED80 /* Debug */ = {
			isa = XCBuildConfiguration;
			buildSettings = {
				ASSETCATALOG_COMPILER_APPICON_NAME = AppIcon;
				ASSETCATALOG_COMPILER_GLOBAL_ACCENT_COLOR_NAME = AccentColor;
				CODE_SIGN_IDENTITY = "iPhone Distribution";
				CODE_SIGN_STYLE = Manual;
				CURRENT_PROJECT_VERSION = 8;
				DEVELOPMENT_TEAM = C6RB9762M5;
				INFOPLIST_FILE = "$(SRCROOT)/GTPhotos/Info.plist";
				IPHONEOS_DEPLOYMENT_TARGET = 13.6;
				LD_RUNPATH_SEARCH_PATHS = (
					"$(inherited)",
					"@executable_path/Frameworks",
				);
				MARKETING_VERSION = 1.0;
				PRODUCT_BUNDLE_IDENTIFIER = eu.foxcom.gtphotos;
				PRODUCT_NAME = "$(TARGET_NAME)";
				PROVISIONING_PROFILE_SPECIFIER = Teplice_distribution_gtphotos;
				SWIFT_VERSION = 5.0;
				TARGETED_DEVICE_FAMILY = "1,2";
			};
			name = Debug;
		};
		61C3ACB02551461F000CED80 /* Release */ = {
			isa = XCBuildConfiguration;
			buildSettings = {
				ASSETCATALOG_COMPILER_APPICON_NAME = AppIcon;
				ASSETCATALOG_COMPILER_GLOBAL_ACCENT_COLOR_NAME = AccentColor;
				CODE_SIGN_IDENTITY = "iPhone Distribution";
				CODE_SIGN_STYLE = Manual;
				CURRENT_PROJECT_VERSION = 8;
				DEVELOPMENT_TEAM = C6RB9762M5;
				INFOPLIST_FILE = "$(SRCROOT)/GTPhotos/Info.plist";
				IPHONEOS_DEPLOYMENT_TARGET = 13.6;
				LD_RUNPATH_SEARCH_PATHS = (
					"$(inherited)",
					"@executable_path/Frameworks",
				);
				MARKETING_VERSION = 1.0;
				PRODUCT_BUNDLE_IDENTIFIER = eu.foxcom.gtphotos;
				PRODUCT_NAME = "$(TARGET_NAME)";
				PROVISIONING_PROFILE_SPECIFIER = Teplice_distribution_gtphotos;
				SWIFT_VERSION = 5.0;
				TARGETED_DEVICE_FAMILY = "1,2";
			};
			name = Release;
		};
/* End XCBuildConfiguration section */

/* Begin XCConfigurationList section */
		61C3AC952551461F000CED80 /* Build configuration list for PBXProject "GTPhotos" */ = {
			isa = XCConfigurationList;
			buildConfigurations = (
				61C3ACAC2551461F000CED80 /* Debug */,
				61C3ACAD2551461F000CED80 /* Release */,
			);
			defaultConfigurationIsVisible = 0;
			defaultConfigurationName = Release;
		};
		61C3ACAE2551461F000CED80 /* Build configuration list for PBXNativeTarget "GTPhotos" */ = {
			isa = XCConfigurationList;
			buildConfigurations = (
				61C3ACAF2551461F000CED80 /* Debug */,
				61C3ACB02551461F000CED80 /* Release */,
			);
			defaultConfigurationIsVisible = 0;
			defaultConfigurationName = Release;
		};
/* End XCConfigurationList section */

/* Begin XCVersionGroup section */
		613A5E56255537DE007D82E5 /* PhotoModel.xcdatamodeld */ = {
			isa = XCVersionGroup;
			children = (
				613A5E57255537DE007D82E5 /* PhotoModel.xcdatamodel */,
			);
			currentVersion = 613A5E57255537DE007D82E5 /* PhotoModel.xcdatamodel */;
			path = PhotoModel.xcdatamodeld;
			sourceTree = "<group>";
			versionGroupType = wrapper.xcdatamodel;
		};
/* End XCVersionGroup section */
	};
	rootObject = 61C3AC922551461F000CED80 /* Project object */;
}
